
Microsoft Visual Studio Solution File, Format Version 12.00
# Visual Studio Version 17
VisualStudioVersion = 17.10.35013.160
MinimumVisualStudioVersion = 10.0.40219.1
Project("{FAE04EC0-301F-11D3-BF4B-00C04F79EFBC}") = "ProductApp", "ProductApp\ProductApp.csproj", "{67912F21-1755-4F31-86B9-4C62F708820F}"
EndProject
Global
	GlobalSection(SolutionConfigurationPlatforms) = preSolution
		Debug|Any CPU = Debug|Any CPU
		Release|Any CPU = Release|Any CPU
	EndGlobalSection
	GlobalSection(ProjectConfigurationPlatforms) = postSolution
		{67912F21-1755-4F31-86B9-4C62F708820F}.Debug|Any CPU.ActiveCfg = Debug|Any CPU
		{67912F21-1755-4F31-86B9-4C62F708820F}.Debug|Any CPU.Build.0 = Debug|Any CPU
		{67912F21-1755-4F31-86B9-4C62F708820F}.Release|Any CPU.ActiveCfg = Release|Any CPU
		{67912F21-1755-4F31-86B9-4C62F708820F}.Release|Any CPU.Build.0 = Release|Any CPU
	EndGlobalSection
	GlobalSection(SolutionProperties) = preSolution
		HideSolutionNode = FALSE
	EndGlobalSection
	GlobalSection(ExtensibilityGlobals) = postSolution
		SolutionGuid = {3874EC27-0898-450B-9E83-E70AE07C7ED1}
	EndGlobalSection
EndGlobal
